
Microsoft Visual Studio Solution File, Format Version 12.00
# Visual Studio Version 17
VisualStudioVersion = 17.0.31903.59
MinimumVisualStudioVersion = 10.0.40219.1
Project("{2150E333-8FDC-42A3-9474-1A3956D46DE8}") = "src", "src", "{827E0CD3-B72D-47B6-A68D-7590B98EB39B}"
EndProject
Project("{FAE04EC0-301F-11D3-BF4B-00C04F79EFBC}") = "Domain", "src\Domain\Domain.csproj", "{2C30B1D9-8AA2-414C-9FF5-3FD87CE62A85}"
EndProject
Project("{FAE04EC0-301F-11D3-BF4B-00C04F79EFBC}") = "Application", "src\Application\Application.csproj", "{E97B3292-F0F7-4918-AB88-0E2F517A3D1C}"
EndProject
Project("{FAE04EC0-301F-11D3-BF4B-00C04F79EFBC}") = "Infrastructure.InMemory", "src\Infrastructure.InMemory\Infrastructure.InMemory.csproj", "{0D0BC886-7AA2-4281-BDF4-0CFC53502452}"
EndProject
Project("{FAE04EC0-301F-11D3-BF4B-00C04F79EFBC}") = "Infrastructure.Db", "src\Infrastructure.Db\Infrastructure.Db.csproj", "{80517518-C15F-435E-987C-4EA2AE163F55}"
EndProject
Project("{FAE04EC0-301F-11D3-BF4B-00C04F79EFBC}") = "Api", "src\Api\Api.csproj", "{250CE0B6-3201-43EE-95C0-5CBA0FA12214}"
EndProject
Project("{FAE04EC0-301F-11D3-BF4B-00C04F79EFBC}") = "Tests", "src\Tests\Tests.csproj", "{4D58A7D4-34F9-4E23-9585-26ED8B341B47}"
EndProject
Project("{9A19103F-16F7-4668-BE54-9A1E7A4F7556}") = "Infrastructure.Nats", "src\Infrastructure.Nats\Infrastructure.Nats.csproj", "{27118FB0-B69C-AA41-CEE3-0FE137997352}"
EndProject
Project("{9A19103F-16F7-4668-BE54-9A1E7A4F7556}") = "AppHost", "src\AppHost\AppHost.csproj", "{BB9C41FD-1395-49AC-C085-55B269795333}"
EndProject
Project("{FAE04EC0-301F-11D3-BF4B-00C04F79EFBC}") = "Generator", "src\Generator\Generator.csproj", "{B3EEB789-4E62-44B8-B589-15125EC315B0}"
EndProject
Global
	GlobalSection(SolutionConfigurationPlatforms) = preSolution
		Debug|Any CPU = Debug|Any CPU
		Debug|x64 = Debug|x64
		Debug|x86 = Debug|x86
		Release|Any CPU = Release|Any CPU
		Release|x64 = Release|x64
		Release|x86 = Release|x86
	EndGlobalSection
	GlobalSection(ProjectConfigurationPlatforms) = postSolution
		{2C30B1D9-8AA2-414C-9FF5-3FD87CE62A85}.Debug|Any CPU.ActiveCfg = Debug|Any CPU
		{2C30B1D9-8AA2-414C-9FF5-3FD87CE62A85}.Debug|Any CPU.Build.0 = Debug|Any CPU
		{2C30B1D9-8AA2-414C-9FF5-3FD87CE62A85}.Debug|x64.ActiveCfg = Debug|Any CPU
		{2C30B1D9-8AA2-414C-9FF5-3FD87CE62A85}.Debug|x64.Build.0 = Debug|Any CPU
		{2C30B1D9-8AA2-414C-9FF5-3FD87CE62A85}.Debug|x86.ActiveCfg = Debug|Any CPU
		{2C30B1D9-8AA2-414C-9FF5-3FD87CE62A85}.Debug|x86.Build.0 = Debug|Any CPU
		{2C30B1D9-8AA2-414C-9FF5-3FD87CE62A85}.Release|Any CPU.ActiveCfg = Release|Any CPU
		{2C30B1D9-8AA2-414C-9FF5-3FD87CE62A85}.Release|Any CPU.Build.0 = Release|Any CPU
		{2C30B1D9-8AA2-414C-9FF5-3FD87CE62A85}.Release|x64.ActiveCfg = Release|Any CPU
		{2C30B1D9-8AA2-414C-9FF5-3FD87CE62A85}.Release|x64.Build.0 = Release|Any CPU
		{2C30B1D9-8AA2-414C-9FF5-3FD87CE62A85}.Release|x86.ActiveCfg = Release|Any CPU
		{2C30B1D9-8AA2-414C-9FF5-3FD87CE62A85}.Release|x86.Build.0 = Release|Any CPU
		{E97B3292-F0F7-4918-AB88-0E2F517A3D1C}.Debug|Any CPU.ActiveCfg = Debug|Any CPU
		{E97B3292-F0F7-4918-AB88-0E2F517A3D1C}.Debug|Any CPU.Build.0 = Debug|Any CPU
		{E97B3292-F0F7-4918-AB88-0E2F517A3D1C}.Debug|x64.ActiveCfg = Debug|Any CPU
		{E97B3292-F0F7-4918-AB88-0E2F517A3D1C}.Debug|x64.Build.0 = Debug|Any CPU
		{E97B3292-F0F7-4918-AB88-0E2F517A3D1C}.Debug|x86.ActiveCfg = Debug|Any CPU
		{E97B3292-F0F7-4918-AB88-0E2F517A3D1C}.Debug|x86.Build.0 = Debug|Any CPU
		{E97B3292-F0F7-4918-AB88-0E2F517A3D1C}.Release|Any CPU.ActiveCfg = Release|Any CPU
		{E97B3292-F0F7-4918-AB88-0E2F517A3D1C}.Release|Any CPU.Build.0 = Release|Any CPU
		{E97B3292-F0F7-4918-AB88-0E2F517A3D1C}.Release|x64.ActiveCfg = Release|Any CPU
		{E97B3292-F0F7-4918-AB88-0E2F517A3D1C}.Release|x64.Build.0 = Release|Any CPU
		{E97B3292-F0F7-4918-AB88-0E2F517A3D1C}.Release|x86.ActiveCfg = Release|Any CPU
		{E97B3292-F0F7-4918-AB88-0E2F517A3D1C}.Release|x86.Build.0 = Release|Any CPU
		{0D0BC886-7AA2-4281-BDF4-0CFC53502452}.Debug|Any CPU.ActiveCfg = Debug|Any CPU
		{0D0BC886-7AA2-4281-BDF4-0CFC53502452}.Debug|Any CPU.Build.0 = Debug|Any CPU
		{0D0BC886-7AA2-4281-BDF4-0CFC53502452}.Debug|x64.ActiveCfg = Debug|Any CPU
		{0D0BC886-7AA2-4281-BDF4-0CFC53502452}.Debug|x64.Build.0 = Debug|Any CPU
		{0D0BC886-7AA2-4281-BDF4-0CFC53502452}.Debug|x86.ActiveCfg = Debug|Any CPU
		{0D0BC886-7AA2-4281-BDF4-0CFC53502452}.Debug|x86.Build.0 = Debug|Any CPU
		{0D0BC886-7AA2-4281-BDF4-0CFC53502452}.Release|Any CPU.ActiveCfg = Release|Any CPU
		{0D0BC886-7AA2-4281-BDF4-0CFC53502452}.Release|Any CPU.Build.0 = Release|Any CPU
		{0D0BC886-7AA2-4281-BDF4-0CFC53502452}.Release|x64.ActiveCfg = Release|Any CPU
		{0D0BC886-7AA2-4281-BDF4-0CFC53502452}.Release|x64.Build.0 = Release|Any CPU
		{0D0BC886-7AA2-4281-BDF4-0CFC53502452}.Release|x86.ActiveCfg = Release|Any CPU
		{0D0BC886-7AA2-4281-BDF4-0CFC53502452}.Release|x86.Build.0 = Release|Any CPU
		{80517518-C15F-435E-987C-4EA2AE163F55}.Debug|Any CPU.ActiveCfg = Debug|Any CPU
		{80517518-C15F-435E-987C-4EA2AE163F55}.Debug|Any CPU.Build.0 = Debug|Any CPU
		{80517518-C15F-435E-987C-4EA2AE163F55}.Debug|x64.ActiveCfg = Debug|Any CPU
		{80517518-C15F-435E-987C-4EA2AE163F55}.Debug|x64.Build.0 = Debug|Any CPU
		{80517518-C15F-435E-987C-4EA2AE163F55}.Debug|x86.ActiveCfg = Debug|Any CPU
		{80517518-C15F-435E-987C-4EA2AE163F55}.Debug|x86.Build.0 = Debug|Any CPU
		{80517518-C15F-435E-987C-4EA2AE163F55}.Release|Any CPU.ActiveCfg = Release|Any CPU
		{80517518-C15F-435E-987C-4EA2AE163F55}.Release|Any CPU.Build.0 = Release|Any CPU
		{80517518-C15F-435E-987C-4EA2AE163F55}.Release|x64.ActiveCfg = Release|Any CPU
		{80517518-C15F-435E-987C-4EA2AE163F55}.Release|x64.Build.0 = Release|Any CPU
		{80517518-C15F-435E-987C-4EA2AE163F55}.Release|x86.ActiveCfg = Release|Any CPU
		{80517518-C15F-435E-987C-4EA2AE163F55}.Release|x86.Build.0 = Release|Any CPU
		{250CE0B6-3201-43EE-95C0-5CBA0FA12214}.Debug|Any CPU.ActiveCfg = Debug|Any CPU
		{250CE0B6-3201-43EE-95C0-5CBA0FA12214}.Debug|Any CPU.Build.0 = Debug|Any CPU
		{250CE0B6-3201-43EE-95C0-5CBA0FA12214}.Debug|x64.ActiveCfg = Debug|Any CPU
		{250CE0B6-3201-43EE-95C0-5CBA0FA12214}.Debug|x64.Build.0 = Debug|Any CPU
		{250CE0B6-3201-43EE-95C0-5CBA0FA12214}.Debug|x86.ActiveCfg = Debug|Any CPU
		{250CE0B6-3201-43EE-95C0-5CBA0FA12214}.Debug|x86.Build.0 = Debug|Any CPU
		{250CE0B6-3201-43EE-95C0-5CBA0FA12214}.Release|Any CPU.ActiveCfg = Release|Any CPU
		{250CE0B6-3201-43EE-95C0-5CBA0FA12214}.Release|Any CPU.Build.0 = Release|Any CPU
		{250CE0B6-3201-43EE-95C0-5CBA0FA12214}.Release|x64.ActiveCfg = Release|Any CPU
		{250CE0B6-3201-43EE-95C0-5CBA0FA12214}.Release|x64.Build.0 = Release|Any CPU
		{250CE0B6-3201-43EE-95C0-5CBA0FA12214}.Release|x86.ActiveCfg = Release|Any CPU
		{250CE0B6-3201-43EE-95C0-5CBA0FA12214}.Release|x86.Build.0 = Release|Any CPU
		{4D58A7D4-34F9-4E23-9585-26ED8B341B47}.Debug|Any CPU.ActiveCfg = Debug|Any CPU
		{4D58A7D4-34F9-4E23-9585-26ED8B341B47}.Debug|Any CPU.Build.0 = Debug|Any CPU
		{4D58A7D4-34F9-4E23-9585-26ED8B341B47}.Debug|x64.ActiveCfg = Debug|Any CPU
		{4D58A7D4-34F9-4E23-9585-26ED8B341B47}.Debug|x64.Build.0 = Debug|Any CPU
		{4D58A7D4-34F9-4E23-9585-26ED8B341B47}.Debug|x86.ActiveCfg = Debug|Any CPU
		{4D58A7D4-34F9-4E23-9585-26ED8B341B47}.Debug|x86.Build.0 = Debug|Any CPU
		{4D58A7D4-34F9-4E23-9585-26ED8B341B47}.Release|Any CPU.ActiveCfg = Release|Any CPU
		{4D58A7D4-34F9-4E23-9585-26ED8B341B47}.Release|Any CPU.Build.0 = Release|Any CPU
		{4D58A7D4-34F9-4E23-9585-26ED8B341B47}.Release|x64.ActiveCfg = Release|Any CPU
		{4D58A7D4-34F9-4E23-9585-26ED8B341B47}.Release|x64.Build.0 = Release|Any CPU
		{4D58A7D4-34F9-4E23-9585-26ED8B341B47}.Release|x86.ActiveCfg = Release|Any CPU
		{4D58A7D4-34F9-4E23-9585-26ED8B341B47}.Release|x86.Build.0 = Release|Any CPU
		{B3EEB789-4E62-44B8-B589-15125EC315B0}.Debug|Any CPU.ActiveCfg = Debug|Any CPU
		{B3EEB789-4E62-44B8-B589-15125EC315B0}.Debug|Any CPU.Build.0 = Debug|Any CPU
		{B3EEB789-4E62-44B8-B589-15125EC315B0}.Debug|x64.ActiveCfg = Debug|Any CPU
		{B3EEB789-4E62-44B8-B589-15125EC315B0}.Debug|x64.Build.0 = Debug|Any CPU
		{B3EEB789-4E62-44B8-B589-15125EC315B0}.Debug|x86.ActiveCfg = Debug|Any CPU
		{B3EEB789-4E62-44B8-B589-15125EC315B0}.Debug|x86.Build.0 = Debug|Any CPU
		{B3EEB789-4E62-44B8-B589-15125EC315B0}.Release|Any CPU.ActiveCfg = Release|Any CPU
		{B3EEB789-4E62-44B8-B589-15125EC315B0}.Release|Any CPU.Build.0 = Release|Any CPU
		{B3EEB789-4E62-44B8-B589-15125EC315B0}.Release|x64.ActiveCfg = Release|Any CPU
		{B3EEB789-4E62-44B8-B589-15125EC315B0}.Release|x64.Build.0 = Release|Any CPU
		{B3EEB789-4E62-44B8-B589-15125EC315B0}.Release|x86.ActiveCfg = Release|Any CPU
		{B3EEB789-4E62-44B8-B589-15125EC315B0}.Release|x86.Build.0 = Release|Any CPU
	EndGlobalSection
	GlobalSection(SolutionProperties) = preSolution
		HideSolutionNode = FALSE
	EndGlobalSection
	GlobalSection(NestedProjects) = preSolution
		{2C30B1D9-8AA2-414C-9FF5-3FD87CE62A85} = {827E0CD3-B72D-47B6-A68D-7590B98EB39B}
		{E97B3292-F0F7-4918-AB88-0E2F517A3D1C} = {827E0CD3-B72D-47B6-A68D-7590B98EB39B}
		{0D0BC886-7AA2-4281-BDF4-0CFC53502452} = {827E0CD3-B72D-47B6-A68D-7590B98EB39B}
		{80517518-C15F-435E-987C-4EA2AE163F55} = {827E0CD3-B72D-47B6-A68D-7590B98EB39B}
		{250CE0B6-3201-43EE-95C0-5CBA0FA12214} = {827E0CD3-B72D-47B6-A68D-7590B98EB39B}
		{4D58A7D4-34F9-4E23-9585-26ED8B341B47} = {827E0CD3-B72D-47B6-A68D-7590B98EB39B}
		{B3EEB789-4E62-44B8-B589-15125EC315B0} = {827E0CD3-B72D-47B6-A68D-7590B98EB39B}
	EndGlobalSection
EndGlobal
